// !$*UTF8*$!
{
	archiveVersion = 1;
	classes = {
	};
	objectVersion = 56;
	objects = {

/* Begin PBXBuildFile section */
		57019D7D2A77522C00E515BD /* AppDelegate.swift in Sources */ = {isa = PBXBuildFile; fileRef = 57019D7C2A77522C00E515BD /* AppDelegate.swift */; };
		57019D7F2A77522C00E515BD /* SceneDelegate.swift in Sources */ = {isa = PBXBuildFile; fileRef = 57019D7E2A77522C00E515BD /* SceneDelegate.swift */; };
		57019D812A77522C00E515BD /* ViewController.swift in Sources */ = {isa = PBXBuildFile; fileRef = 57019D802A77522C00E515BD /* ViewController.swift */; };
		57019D842A77522C00E515BD /* Main.storyboard in Resources */ = {isa = PBXBuildFile; fileRef = 57019D822A77522C00E515BD /* Main.storyboard */; };
		57019D862A77523100E515BD /* Assets.xcassets in Resources */ = {isa = PBXBuildFile; fileRef = 57019D852A77523100E515BD /* Assets.xcassets */; };
		57019D892A77523100E515BD /* LaunchScreen.storyboard in Resources */ = {isa = PBXBuildFile; fileRef = 57019D872A77523100E515BD /* LaunchScreen.storyboard */; };
		57019D942A77526D00E515BD /* DiaryTableViewController.swift in Sources */ = {isa = PBXBuildFile; fileRef = 57019D932A77526D00E515BD /* DiaryTableViewController.swift */; };
		57019D962A7752AC00E515BD /* Diary.storyboard in Resources */ = {isa = PBXBuildFile; fileRef = 57019D952A7752AC00E515BD /* Diary.storyboard */; };
		57019D982A7752EB00E515BD /* DetailViewController.swift in Sources */ = {isa = PBXBuildFile; fileRef = 57019D972A7752EB00E515BD /* DetailViewController.swift */; };
		57019D9A2A77538B00E515BD /* DiaryTableViewCell.swift in Sources */ = {isa = PBXBuildFile; fileRef = 57019D992A77538B00E515BD /* DiaryTableViewCell.swift */; };
		57019D9C2A77576D00E515BD /* AddViewController.swift in Sources */ = {isa = PBXBuildFile; fileRef = 57019D9B2A77576D00E515BD /* AddViewController.swift */; };
		57019D9E2A77623900E515BD /* Extension+UIViewController.swift in Sources */ = {isa = PBXBuildFile; fileRef = 57019D9D2A77623900E515BD /* Extension+UIViewController.swift */; };
		57019DA02A77795300E515BD /* SearchCollectionViewController.swift in Sources */ = {isa = PBXBuildFile; fileRef = 57019D9F2A77795300E515BD /* SearchCollectionViewController.swift */; };
		57019DA32A777AD000E515BD /* SearchCollectionViewCell.swift in Sources */ = {isa = PBXBuildFile; fileRef = 57019DA12A777AD000E515BD /* SearchCollectionViewCell.swift */; };
		57019DA42A777AD000E515BD /* SearchCollectionViewCell.xib in Resources */ = {isa = PBXBuildFile; fileRef = 57019DA22A777AD000E515BD /* SearchCollectionViewCell.xib */; };
		57019DA92A7797A500E515BD /* BookHomeViewController.swift in Sources */ = {isa = PBXBuildFile; fileRef = 57019DA82A7797A500E515BD /* BookHomeViewController.swift */; };
		57019DAB2A779B4900E515BD /* MovieInfo.swift in Sources */ = {isa = PBXBuildFile; fileRef = 57019DAA2A779B4900E515BD /* MovieInfo.swift */; };
		5756B5F22AA5CFDA001A83D9 /* ReuseableProtocol.swift in Sources */ = {isa = PBXBuildFile; fileRef = 5756B5F12AA5CFDA001A83D9 /* ReuseableProtocol.swift */; };
		5756B5F42AA5D089001A83D9 /* BaseViewController.swift in Sources */ = {isa = PBXBuildFile; fileRef = 5756B5F32AA5D089001A83D9 /* BaseViewController.swift */; };
		5756B5F82AA5D52B001A83D9 /* BookHomeCollectionView.swift in Sources */ = {isa = PBXBuildFile; fileRef = 5756B5F72AA5D52B001A83D9 /* BookHomeCollectionView.swift */; };
		5756B5FA2AA5D726001A83D9 /* BookHomeRootView.swift in Sources */ = {isa = PBXBuildFile; fileRef = 5756B5F92AA5D726001A83D9 /* BookHomeRootView.swift */; };
		57627D202A79F23500B37AF1 /* Timeline.storyboard in Resources */ = {isa = PBXBuildFile; fileRef = 57627D1F2A79F23500B37AF1 /* Timeline.storyboard */; };
		57627D222A79F28600B37AF1 /* TimelineViewController.swift in Sources */ = {isa = PBXBuildFile; fileRef = 57627D212A79F28600B37AF1 /* TimelineViewController.swift */; };
		57627D252A79F9E500B37AF1 /* TimelineCollectionViewCell.swift in Sources */ = {isa = PBXBuildFile; fileRef = 57627D232A79F9E500B37AF1 /* TimelineCollectionViewCell.swift */; };
		57627D262A79F9E500B37AF1 /* TimelineCollectionViewCell.xib in Resources */ = {isa = PBXBuildFile; fileRef = 57627D242A79F9E500B37AF1 /* TimelineCollectionViewCell.xib */; };
		5776CF0A2AA622E80061D6FC /* Realm in Frameworks */ = {isa = PBXBuildFile; productRef = 5776CF092AA622E80061D6FC /* Realm */; };
		5776CF0C2AA622E80061D6FC /* RealmSwift in Frameworks */ = {isa = PBXBuildFile; productRef = 5776CF0B2AA622E80061D6FC /* RealmSwift */; };
		5776CF0F2AA6262F0061D6FC /* RMBook.swift in Sources */ = {isa = PBXBuildFile; fileRef = 5776CF0E2AA6262F0061D6FC /* RMBook.swift */; };
		57B3739E2A7B72BE00B78AC1 /* LottoViewController.swift in Sources */ = {isa = PBXBuildFile; fileRef = 57B3739D2A7B72BE00B78AC1 /* LottoViewController.swift */; };
		57C2494B2A77A4850032B779 /* BookDetailTableViewController.swift in Sources */ = {isa = PBXBuildFile; fileRef = 57C2494A2A77A4850032B779 /* BookDetailTableViewController.swift */; };
		57C2494D2A77A4D80032B779 /* BookSearchViewController.swift in Sources */ = {isa = PBXBuildFile; fileRef = 57C2494C2A77A4D80032B779 /* BookSearchViewController.swift */; };
		57C2494F2A77A60E0032B779 /* UIColor+.swift in Sources */ = {isa = PBXBuildFile; fileRef = 57C2494E2A77A60E0032B779 /* UIColor+.swift */; };
		57C249522A77A63B0032B779 /* MovieCollectionViewCell.swift in Sources */ = {isa = PBXBuildFile; fileRef = 57C249512A77A63B0032B779 /* MovieCollectionViewCell.swift */; };
		57C249532A77B5010032B779 /* BookWarm.storyboard in Resources */ = {isa = PBXBuildFile; fileRef = 57019DA62A77979000E515BD /* BookWarm.storyboard */; };
		57C249562A789B110032B779 /* Setting.storyboard in Resources */ = {isa = PBXBuildFile; fileRef = 57C249552A789B110032B779 /* Setting.storyboard */; };
		57C249582A789B650032B779 /* SettingTableViewController.swift in Sources */ = {isa = PBXBuildFile; fileRef = 57C249572A789B650032B779 /* SettingTableViewController.swift */; };
		57C2496D2A7937150032B779 /* Movie.swift in Sources */ = {isa = PBXBuildFile; fileRef = 57C2496C2A7937150032B779 /* Movie.swift */; };
		57D3714F2A7E2619001A5029 /* BookDetailTableViewHeader.swift in Sources */ = {isa = PBXBuildFile; fileRef = 57D3714E2A7E2619001A5029 /* BookDetailTableViewHeader.swift */; };
		57D371752A80804D001A5029 /* Alamofire in Frameworks */ = {isa = PBXBuildFile; productRef = 57D371742A80804D001A5029 /* Alamofire */; };
		57D371782A808087001A5029 /* SwiftyJSON in Frameworks */ = {isa = PBXBuildFile; productRef = 57D371772A808087001A5029 /* SwiftyJSON */; };
		57D371BC2A8284AC001A5029 /* Book.swift in Sources */ = {isa = PBXBuildFile; fileRef = 57D371BB2A8284AC001A5029 /* Book.swift */; };
		57D371BE2A8314EA001A5029 /* .gitignore in Resources */ = {isa = PBXBuildFile; fileRef = 57D371BD2A8314EA001A5029 /* .gitignore */; };
		57D371C02A831527001A5029 /* APIKey.swift in Sources */ = {isa = PBXBuildFile; fileRef = 57D371BF2A831527001A5029 /* APIKey.swift */; };
		57D371CC2A83EE4E001A5029 /* Kingfisher in Frameworks */ = {isa = PBXBuildFile; productRef = 57D371CB2A83EE4E001A5029 /* Kingfisher */; };
		57D371CF2A84073B001A5029 /* BookCollectionViewCell.swift in Sources */ = {isa = PBXBuildFile; fileRef = 57D371CD2A84073B001A5029 /* BookCollectionViewCell.swift */; };
		57D371D02A84073B001A5029 /* BookCollectionViewCell.xib in Resources */ = {isa = PBXBuildFile; fileRef = 57D371CE2A84073B001A5029 /* BookCollectionViewCell.xib */; };
		57D371D22A84075F001A5029 /* Int+.swift in Sources */ = {isa = PBXBuildFile; fileRef = 57D371D12A84075F001A5029 /* Int+.swift */; };
		57D371D72A84FB6B001A5029 /* BookSearchTableViewCell.swift in Sources */ = {isa = PBXBuildFile; fileRef = 57D371D52A84FB6B001A5029 /* BookSearchTableViewCell.swift */; };
		57D371D82A84FB6B001A5029 /* BookSearchTableViewCell.xib in Resources */ = {isa = PBXBuildFile; fileRef = 57D371D62A84FB6B001A5029 /* BookSearchTableViewCell.xib */; };
		57D371DA2A85063E001A5029 /* NSMutableAttributedString+.swift in Sources */ = {isa = PBXBuildFile; fileRef = 57D371D92A85063E001A5029 /* NSMutableAttributedString+.swift */; };
		57DD41B22A7A583D00E55571 /* MovieLookAroundViewController.swift in Sources */ = {isa = PBXBuildFile; fileRef = 57DD41B12A7A583D00E55571 /* MovieLookAroundViewController.swift */; };
		57DD41B52A7A5E2900E55571 /* RecentlySeenTableViewCell.swift in Sources */ = {isa = PBXBuildFile; fileRef = 57DD41B32A7A5E2900E55571 /* RecentlySeenTableViewCell.swift */; };
		57DD41B62A7A5E2900E55571 /* RecentlySeenTableViewCell.xib in Resources */ = {isa = PBXBuildFile; fileRef = 57DD41B42A7A5E2900E55571 /* RecentlySeenTableViewCell.xib */; };
		57DD41B92A7A5E6500E55571 /* PopularTheseDaysTableViewCell.swift in Sources */ = {isa = PBXBuildFile; fileRef = 57DD41B72A7A5E6500E55571 /* PopularTheseDaysTableViewCell.swift */; };
		57DD41BA2A7A5E6500E55571 /* PopularTheseDaysTableViewCell.xib in Resources */ = {isa = PBXBuildFile; fileRef = 57DD41B82A7A5E6500E55571 /* PopularTheseDaysTableViewCell.xib */; };
		57DD41BD2A7A607F00E55571 /* ImageCollectionViewCell.swift in Sources */ = {isa = PBXBuildFile; fileRef = 57DD41BB2A7A607F00E55571 /* ImageCollectionViewCell.swift */; };
		57DD41BE2A7A607F00E55571 /* ImageCollectionViewCell.xib in Resources */ = {isa = PBXBuildFile; fileRef = 57DD41BC2A7A607F00E55571 /* ImageCollectionViewCell.xib */; };
		57DD41C12A7A81BD00E55571 /* DynamicHeightCollectionView.swift in Sources */ = {isa = PBXBuildFile; fileRef = 57DD41C02A7A81BD00E55571 /* DynamicHeightCollectionView.swift */; };
		57DD41C52A7A9F6D00E55571 /* MovieLookAroundTableViewSecionKind.swift in Sources */ = {isa = PBXBuildFile; fileRef = 57DD41C42A7A9F6D00E55571 /* MovieLookAroundTableViewSecionKind.swift */; };
		57E6EB792A7BCB6700A3DAA3 /* BookDetailInfoTableViewCell.swift in Sources */ = {isa = PBXBuildFile; fileRef = 57E6EB772A7BCB6700A3DAA3 /* BookDetailInfoTableViewCell.swift */; };
		57E6EB7A2A7BCB6700A3DAA3 /* BookDetailInfoTableViewCell.xib in Resources */ = {isa = PBXBuildFile; fileRef = 57E6EB782A7BCB6700A3DAA3 /* BookDetailInfoTableViewCell.xib */; };
/* End PBXBuildFile section */

/* Begin PBXFileReference section */
		57019D792A77522C00E515BD /* SeSAC3Week3.app */ = {isa = PBXFileReference; explicitFileType = wrapper.application; includeInIndex = 0; path = SeSAC3Week3.app; sourceTree = BUILT_PRODUCTS_DIR; };
		57019D7C2A77522C00E515BD /* AppDelegate.swift */ = {isa = PBXFileReference; lastKnownFileType = sourcecode.swift; path = AppDelegate.swift; sourceTree = "<group>"; };
		57019D7E2A77522C00E515BD /* SceneDelegate.swift */ = {isa = PBXFileReference; lastKnownFileType = sourcecode.swift; path = SceneDelegate.swift; sourceTree = "<group>"; };
		57019D802A77522C00E515BD /* ViewController.swift */ = {isa = PBXFileReference; lastKnownFileType = sourcecode.swift; path = ViewController.swift; sourceTree = "<group>"; };
		57019D832A77522C00E515BD /* Base */ = {isa = PBXFileReference; lastKnownFileType = file.storyboard; name = Base; path = Base.lproj/Main.storyboard; sourceTree = "<group>"; };
		57019D852A77523100E515BD /* Assets.xcassets */ = {isa = PBXFileReference; lastKnownFileType = folder.assetcatalog; path = Assets.xcassets; sourceTree = "<group>"; };
		57019D882A77523100E515BD /* Base */ = {isa = PBXFileReference; lastKnownFileType = file.storyboard; name = Base; path = Base.lproj/LaunchScreen.storyboard; sourceTree = "<group>"; };
		57019D8A2A77523100E515BD /* Info.plist */ = {isa = PBXFileReference; lastKnownFileType = text.plist.xml; path = Info.plist; sourceTree = "<group>"; };
		57019D932A77526D00E515BD /* DiaryTableViewController.swift */ = {isa = PBXFileReference; lastKnownFileType = sourcecode.swift; path = DiaryTableViewController.swift; sourceTree = "<group>"; };
		57019D952A7752AC00E515BD /* Diary.storyboard */ = {isa = PBXFileReference; lastKnownFileType = file.storyboard; path = Diary.storyboard; sourceTree = "<group>"; };
		57019D972A7752EB00E515BD /* DetailViewController.swift */ = {isa = PBXFileReference; lastKnownFileType = sourcecode.swift; path = DetailViewController.swift; sourceTree = "<group>"; };
		57019D992A77538B00E515BD /* DiaryTableViewCell.swift */ = {isa = PBXFileReference; lastKnownFileType = sourcecode.swift; path = DiaryTableViewCell.swift; sourceTree = "<group>"; };
		57019D9B2A77576D00E515BD /* AddViewController.swift */ = {isa = PBXFileReference; lastKnownFileType = sourcecode.swift; path = AddViewController.swift; sourceTree = "<group>"; };
		57019D9D2A77623900E515BD /* Extension+UIViewController.swift */ = {isa = PBXFileReference; lastKnownFileType = sourcecode.swift; path = "Extension+UIViewController.swift"; sourceTree = "<group>"; };
		57019D9F2A77795300E515BD /* SearchCollectionViewController.swift */ = {isa = PBXFileReference; lastKnownFileType = sourcecode.swift; path = SearchCollectionViewController.swift; sourceTree = "<group>"; };
		57019DA12A777AD000E515BD /* SearchCollectionViewCell.swift */ = {isa = PBXFileReference; lastKnownFileType = sourcecode.swift; path = SearchCollectionViewCell.swift; sourceTree = "<group>"; };
		57019DA22A777AD000E515BD /* SearchCollectionViewCell.xib */ = {isa = PBXFileReference; lastKnownFileType = file.xib; path = SearchCollectionViewCell.xib; sourceTree = "<group>"; };
		57019DA62A77979000E515BD /* BookWarm.storyboard */ = {isa = PBXFileReference; lastKnownFileType = file.storyboard; path = BookWarm.storyboard; sourceTree = "<group>"; };
		57019DA82A7797A500E515BD /* BookHomeViewController.swift */ = {isa = PBXFileReference; lastKnownFileType = sourcecode.swift; path = BookHomeViewController.swift; sourceTree = "<group>"; };
		57019DAA2A779B4900E515BD /* MovieInfo.swift */ = {isa = PBXFileReference; fileEncoding = 4; lastKnownFileType = sourcecode.swift; path = MovieInfo.swift; sourceTree = "<group>"; };
		5756B5F12AA5CFDA001A83D9 /* ReuseableProtocol.swift */ = {isa = PBXFileReference; lastKnownFileType = sourcecode.swift; path = ReuseableProtocol.swift; sourceTree = "<group>"; };
		5756B5F32AA5D089001A83D9 /* BaseViewController.swift */ = {isa = PBXFileReference; lastKnownFileType = sourcecode.swift; path = BaseViewController.swift; sourceTree = "<group>"; };
		5756B5F72AA5D52B001A83D9 /* BookHomeCollectionView.swift */ = {isa = PBXFileReference; lastKnownFileType = sourcecode.swift; path = BookHomeCollectionView.swift; sourceTree = "<group>"; };
		5756B5F92AA5D726001A83D9 /* BookHomeRootView.swift */ = {isa = PBXFileReference; lastKnownFileType = sourcecode.swift; path = BookHomeRootView.swift; sourceTree = "<group>"; };
		57627D1F2A79F23500B37AF1 /* Timeline.storyboard */ = {isa = PBXFileReference; lastKnownFileType = file.storyboard; path = Timeline.storyboard; sourceTree = "<group>"; };
		57627D212A79F28600B37AF1 /* TimelineViewController.swift */ = {isa = PBXFileReference; lastKnownFileType = sourcecode.swift; path = TimelineViewController.swift; sourceTree = "<group>"; };
		57627D232A79F9E500B37AF1 /* TimelineCollectionViewCell.swift */ = {isa = PBXFileReference; lastKnownFileType = sourcecode.swift; path = TimelineCollectionViewCell.swift; sourceTree = "<group>"; };
		57627D242A79F9E500B37AF1 /* TimelineCollectionViewCell.xib */ = {isa = PBXFileReference; lastKnownFileType = file.xib; path = TimelineCollectionViewCell.xib; sourceTree = "<group>"; };
		5776CF0E2AA6262F0061D6FC /* RMBook.swift */ = {isa = PBXFileReference; lastKnownFileType = sourcecode.swift; path = RMBook.swift; sourceTree = "<group>"; };
		57B3739C2A7B3F0E00B78AC1 /* MyPlayground.playground */ = {isa = PBXFileReference; lastKnownFileType = file.playground; path = MyPlayground.playground; sourceTree = "<group>"; xcLanguageSpecificationIdentifier = xcode.lang.swift; };
		57B3739D2A7B72BE00B78AC1 /* LottoViewController.swift */ = {isa = PBXFileReference; lastKnownFileType = sourcecode.swift; path = LottoViewController.swift; sourceTree = "<group>"; };
		57C2494A2A77A4850032B779 /* BookDetailTableViewController.swift */ = {isa = PBXFileReference; lastKnownFileType = sourcecode.swift; path = BookDetailTableViewController.swift; sourceTree = "<group>"; };
		57C2494C2A77A4D80032B779 /* BookSearchViewController.swift */ = {isa = PBXFileReference; lastKnownFileType = sourcecode.swift; path = BookSearchViewController.swift; sourceTree = "<group>"; };
		57C2494E2A77A60E0032B779 /* UIColor+.swift */ = {isa = PBXFileReference; lastKnownFileType = sourcecode.swift; path = "UIColor+.swift"; sourceTree = "<group>"; };
		57C249512A77A63B0032B779 /* MovieCollectionViewCell.swift */ = {isa = PBXFileReference; lastKnownFileType = sourcecode.swift; path = MovieCollectionViewCell.swift; sourceTree = "<group>"; };
		57C249552A789B110032B779 /* Setting.storyboard */ = {isa = PBXFileReference; lastKnownFileType = file.storyboard; path = Setting.storyboard; sourceTree = "<group>"; };
		57C249572A789B650032B779 /* SettingTableViewController.swift */ = {isa = PBXFileReference; lastKnownFileType = sourcecode.swift; path = SettingTableViewController.swift; sourceTree = "<group>"; };
		57C2496C2A7937150032B779 /* Movie.swift */ = {isa = PBXFileReference; lastKnownFileType = sourcecode.swift; path = Movie.swift; sourceTree = "<group>"; };
		57D3714E2A7E2619001A5029 /* BookDetailTableViewHeader.swift */ = {isa = PBXFileReference; fileEncoding = 4; lastKnownFileType = sourcecode.swift; path = BookDetailTableViewHeader.swift; sourceTree = "<group>"; };
		57D371BB2A8284AC001A5029 /* Book.swift */ = {isa = PBXFileReference; lastKnownFileType = sourcecode.swift; path = Book.swift; sourceTree = "<group>"; };
		57D371BD2A8314EA001A5029 /* .gitignore */ = {isa = PBXFileReference; lastKnownFileType = text; path = .gitignore; sourceTree = "<group>"; };
		57D371BF2A831527001A5029 /* APIKey.swift */ = {isa = PBXFileReference; lastKnownFileType = sourcecode.swift; path = APIKey.swift; sourceTree = "<group>"; };
		57D371CD2A84073B001A5029 /* BookCollectionViewCell.swift */ = {isa = PBXFileReference; lastKnownFileType = sourcecode.swift; path = BookCollectionViewCell.swift; sourceTree = "<group>"; };
		57D371CE2A84073B001A5029 /* BookCollectionViewCell.xib */ = {isa = PBXFileReference; lastKnownFileType = file.xib; path = BookCollectionViewCell.xib; sourceTree = "<group>"; };
		57D371D12A84075F001A5029 /* Int+.swift */ = {isa = PBXFileReference; lastKnownFileType = sourcecode.swift; path = "Int+.swift"; sourceTree = "<group>"; };
		57D371D52A84FB6B001A5029 /* BookSearchTableViewCell.swift */ = {isa = PBXFileReference; lastKnownFileType = sourcecode.swift; path = BookSearchTableViewCell.swift; sourceTree = "<group>"; };
		57D371D62A84FB6B001A5029 /* BookSearchTableViewCell.xib */ = {isa = PBXFileReference; lastKnownFileType = file.xib; path = BookSearchTableViewCell.xib; sourceTree = "<group>"; };
		57D371D92A85063E001A5029 /* NSMutableAttributedString+.swift */ = {isa = PBXFileReference; lastKnownFileType = sourcecode.swift; path = "NSMutableAttributedString+.swift"; sourceTree = "<group>"; };
		57DD41B12A7A583D00E55571 /* MovieLookAroundViewController.swift */ = {isa = PBXFileReference; lastKnownFileType = sourcecode.swift; path = MovieLookAroundViewController.swift; sourceTree = "<group>"; };
		57DD41B32A7A5E2900E55571 /* RecentlySeenTableViewCell.swift */ = {isa = PBXFileReference; lastKnownFileType = sourcecode.swift; path = RecentlySeenTableViewCell.swift; sourceTree = "<group>"; };
		57DD41B42A7A5E2900E55571 /* RecentlySeenTableViewCell.xib */ = {isa = PBXFileReference; lastKnownFileType = file.xib; path = RecentlySeenTableViewCell.xib; sourceTree = "<group>"; };
		57DD41B72A7A5E6500E55571 /* PopularTheseDaysTableViewCell.swift */ = {isa = PBXFileReference; lastKnownFileType = sourcecode.swift; path = PopularTheseDaysTableViewCell.swift; sourceTree = "<group>"; };
		57DD41B82A7A5E6500E55571 /* PopularTheseDaysTableViewCell.xib */ = {isa = PBXFileReference; lastKnownFileType = file.xib; path = PopularTheseDaysTableViewCell.xib; sourceTree = "<group>"; };
		57DD41BB2A7A607F00E55571 /* ImageCollectionViewCell.swift */ = {isa = PBXFileReference; lastKnownFileType = sourcecode.swift; path = ImageCollectionViewCell.swift; sourceTree = "<group>"; };
		57DD41BC2A7A607F00E55571 /* ImageCollectionViewCell.xib */ = {isa = PBXFileReference; lastKnownFileType = file.xib; path = ImageCollectionViewCell.xib; sourceTree = "<group>"; };
		57DD41C02A7A81BD00E55571 /* DynamicHeightCollectionView.swift */ = {isa = PBXFileReference; lastKnownFileType = sourcecode.swift; path = DynamicHeightCollectionView.swift; sourceTree = "<group>"; };
		57DD41C42A7A9F6D00E55571 /* MovieLookAroundTableViewSecionKind.swift */ = {isa = PBXFileReference; lastKnownFileType = sourcecode.swift; path = MovieLookAroundTableViewSecionKind.swift; sourceTree = "<group>"; };
		57E6EB772A7BCB6700A3DAA3 /* BookDetailInfoTableViewCell.swift */ = {isa = PBXFileReference; lastKnownFileType = sourcecode.swift; name = BookDetailInfoTableViewCell.swift; path = "SeSAC3Week3/과제/Day11,12,13,14,17,18/Scene/BookDetail/tableView/Cell/BookDetailInfoTableViewCell.swift"; sourceTree = SOURCE_ROOT; };
		57E6EB782A7BCB6700A3DAA3 /* BookDetailInfoTableViewCell.xib */ = {isa = PBXFileReference; lastKnownFileType = file.xib; name = BookDetailInfoTableViewCell.xib; path = "SeSAC3Week3/과제/Day11,12,13,14,17,18/Scene/BookDetail/tableView/Cell/BookDetailInfoTableViewCell.xib"; sourceTree = SOURCE_ROOT; };
/* End PBXFileReference section */

/* Begin PBXFrameworksBuildPhase section */
		57019D762A77522C00E515BD /* Frameworks */ = {
			isa = PBXFrameworksBuildPhase;
			buildActionMask = 2147483647;
			files = (
				57D371CC2A83EE4E001A5029 /* Kingfisher in Frameworks */,
				57D371782A808087001A5029 /* SwiftyJSON in Frameworks */,
				5776CF0A2AA622E80061D6FC /* Realm in Frameworks */,
				5776CF0C2AA622E80061D6FC /* RealmSwift in Frameworks */,
				57D371752A80804D001A5029 /* Alamofire in Frameworks */,
			);
			runOnlyForDeploymentPostprocessing = 0;
		};
/* End PBXFrameworksBuildPhase section */

/* Begin PBXGroup section */
		57019D702A77522C00E515BD = {
			isa = PBXGroup;
			children = (
				57019D7B2A77522C00E515BD /* SeSAC3Week3 */,
				57019D7A2A77522C00E515BD /* Products */,
			);
			sourceTree = "<group>";
		};
		57019D7A2A77522C00E515BD /* Products */ = {
			isa = PBXGroup;
			children = (
				57019D792A77522C00E515BD /* SeSAC3Week3.app */,
			);
			name = Products;
			sourceTree = "<group>";
		};
		57019D7B2A77522C00E515BD /* SeSAC3Week3 */ = {
			isa = PBXGroup;
			children = (
				57019D912A77524C00E515BD /* 수업 */,
				57019D922A77525800E515BD /* 과제 */,
				57019D7C2A77522C00E515BD /* AppDelegate.swift */,
				57019D7E2A77522C00E515BD /* SceneDelegate.swift */,
				57019D802A77522C00E515BD /* ViewController.swift */,
				57019D822A77522C00E515BD /* Main.storyboard */,
				57019D852A77523100E515BD /* Assets.xcassets */,
				57019D872A77523100E515BD /* LaunchScreen.storyboard */,
				57019D8A2A77523100E515BD /* Info.plist */,
				57B3739C2A7B3F0E00B78AC1 /* MyPlayground.playground */,
				57D371BD2A8314EA001A5029 /* .gitignore */,
				57D371BF2A831527001A5029 /* APIKey.swift */,
			);
			path = SeSAC3Week3;
			sourceTree = "<group>";
		};
		57019D902A77524100E515BD /* Day11,14 */ = {
			isa = PBXGroup;
			children = (
				57019D932A77526D00E515BD /* DiaryTableViewController.swift */,
				57019D9D2A77623900E515BD /* Extension+UIViewController.swift */,
				57019D9B2A77576D00E515BD /* AddViewController.swift */,
				57019D992A77538B00E515BD /* DiaryTableViewCell.swift */,
				57019D972A7752EB00E515BD /* DetailViewController.swift */,
				57019D952A7752AC00E515BD /* Diary.storyboard */,
				57019DA12A777AD000E515BD /* SearchCollectionViewCell.swift */,
				57019DA22A777AD000E515BD /* SearchCollectionViewCell.xib */,
				57019D9F2A77795300E515BD /* SearchCollectionViewController.swift */,
				57B3739D2A7B72BE00B78AC1 /* LottoViewController.swift */,
			);
			path = "Day11,14";
			sourceTree = "<group>";
		};
		57019D912A77524C00E515BD /* 수업 */ = {
			isa = PBXGroup;
			children = (
				57019D902A77524100E515BD /* Day11,14 */,
				57C249542A7884B70032B779 /* Day12 */,
				57627D1E2A79F22300B37AF1 /* Day13 */,
			);
			name = "수업";
			path = "수업";
			sourceTree = "<group>";
		};
		57019D922A77525800E515BD /* 과제 */ = {
			isa = PBXGroup;
			children = (
				57019DA52A7796C600E515BD /* Day11,12,13,14,17,18 */,
			);
			name = "과제";
			path = "과제";
			sourceTree = "<group>";
		};
		57019DA52A7796C600E515BD /* Day11,12,13,14,17,18 */ = {
			isa = PBXGroup;
			children = (
				57C2495C2A792E5F0032B779 /* Model */,
				57DD41BF2A7A819C00E55571 /* UI */,
				5756B5F02AA5CF93001A83D9 /* Base */,
				57C2496E2A7937300032B779 /* Scene */,
				57C249502A77A6200032B779 /* Extension */,
				5776CF0D2AA626190061D6FC /* Realm */,
			);
			path = "Day11,12,13,14,17,18";
			sourceTree = "<group>";
		};
		5756B5F02AA5CF93001A83D9 /* Base */ = {
			isa = PBXGroup;
			children = (
				5756B5F12AA5CFDA001A83D9 /* ReuseableProtocol.swift */,
				5756B5F32AA5D089001A83D9 /* BaseViewController.swift */,
			);
			path = Base;
			sourceTree = "<group>";
		};
		5756B5F52AA5D216001A83D9 /* Cell */ = {
			isa = PBXGroup;
			children = (
				57C249512A77A63B0032B779 /* MovieCollectionViewCell.swift */,
				57D371CD2A84073B001A5029 /* BookCollectionViewCell.swift */,
				57D371CE2A84073B001A5029 /* BookCollectionViewCell.xib */,
			);
			path = Cell;
			sourceTree = "<group>";
		};
		5756B5F62AA5D511001A83D9 /* CollectionView */ = {
			isa = PBXGroup;
			children = (
				5756B5F72AA5D52B001A83D9 /* BookHomeCollectionView.swift */,
				5756B5F52AA5D216001A83D9 /* Cell */,
			);
			path = CollectionView;
			sourceTree = "<group>";
		};
		57627D192A794FD900B37AF1 /* TableHeader */ = {
			isa = PBXGroup;
			children = (
				57D3714E2A7E2619001A5029 /* BookDetailTableViewHeader.swift */,
			);
			name = TableHeader;
			path = ../tableView/TableHeader;
			sourceTree = "<group>";
		};
		57627D1E2A79F22300B37AF1 /* Day13 */ = {
			isa = PBXGroup;
			children = (
				57627D1F2A79F23500B37AF1 /* Timeline.storyboard */,
				57627D212A79F28600B37AF1 /* TimelineViewController.swift */,
				57627D232A79F9E500B37AF1 /* TimelineCollectionViewCell.swift */,
				57627D242A79F9E500B37AF1 /* TimelineCollectionViewCell.xib */,
			);
			path = Day13;
			sourceTree = "<group>";
		};
		57650B752A794F9500377E4C /* TableView */ = {
			isa = PBXGroup;
			children = (
				57627D192A794FD900B37AF1 /* TableHeader */,
				57C249632A792EFB0032B779 /* Cell */,
			);
			path = TableView;
			sourceTree = "<group>";
		};
		5776CF0D2AA626190061D6FC /* Realm */ = {
			isa = PBXGroup;
			children = (
				5776CF0E2AA6262F0061D6FC /* RMBook.swift */,
			);
			path = Realm;
			sourceTree = "<group>";
		};
		57C249502A77A6200032B779 /* Extension */ = {
			isa = PBXGroup;
			children = (
				57C2494E2A77A60E0032B779 /* UIColor+.swift */,
				57D371D12A84075F001A5029 /* Int+.swift */,
				57D371D92A85063E001A5029 /* NSMutableAttributedString+.swift */,
			);
			path = Extension;
			sourceTree = "<group>";
		};
		57C249542A7884B70032B779 /* Day12 */ = {
			isa = PBXGroup;
			children = (
				57C249552A789B110032B779 /* Setting.storyboard */,
				57C249572A789B650032B779 /* SettingTableViewController.swift */,
			);
			path = Day12;
			sourceTree = "<group>";
		};
		57C2495B2A792E570032B779 /* BookDetail */ = {
			isa = PBXGroup;
			children = (
				57C2494A2A77A4850032B779 /* BookDetailTableViewController.swift */,
				57650B752A794F9500377E4C /* TableView */,
			);
			path = BookDetail;
			sourceTree = "<group>";
		};
		57C2495C2A792E5F0032B779 /* Model */ = {
			isa = PBXGroup;
			children = (
				57C2496C2A7937150032B779 /* Movie.swift */,
				57019DAA2A779B4900E515BD /* MovieInfo.swift */,
				57D371BB2A8284AC001A5029 /* Book.swift */,
			);
			path = Model;
			sourceTree = "<group>";
		};
		57C2495D2A792E6C0032B779 /* BookHome */ = {
			isa = PBXGroup;
			children = (
				57019DA82A7797A500E515BD /* BookHomeViewController.swift */,
				5756B5F92AA5D726001A83D9 /* BookHomeRootView.swift */,
				5756B5F62AA5D511001A83D9 /* CollectionView */,
			);
			path = BookHome;
			sourceTree = "<group>";
		};
		57C2495E2A792E770032B779 /* BookSearch */ = {
			isa = PBXGroup;
			children = (
				57C2494C2A77A4D80032B779 /* BookSearchViewController.swift */,
				57D371D52A84FB6B001A5029 /* BookSearchTableViewCell.swift */,
				57D371D62A84FB6B001A5029 /* BookSearchTableViewCell.xib */,
			);
			path = BookSearch;
			sourceTree = "<group>";
		};
		57C249632A792EFB0032B779 /* Cell */ = {
			isa = PBXGroup;
			children = (
				57E6EB772A7BCB6700A3DAA3 /* BookDetailInfoTableViewCell.swift */,
				57E6EB782A7BCB6700A3DAA3 /* BookDetailInfoTableViewCell.xib */,
			);
			name = Cell;
			path = ../tableView/Cell;
			sourceTree = "<group>";
		};
		57C2496E2A7937300032B779 /* Scene */ = {
			isa = PBXGroup;
			children = (
				57019DA62A77979000E515BD /* BookWarm.storyboard */,
				57C2495D2A792E6C0032B779 /* BookHome */,
				57C2495B2A792E570032B779 /* BookDetail */,
				57C2495E2A792E770032B779 /* BookSearch */,
				57DD41B02A7A57E400E55571 /* MovieLookAround */,
			);
			path = Scene;
			sourceTree = "<group>";
		};
		57DD41B02A7A57E400E55571 /* MovieLookAround */ = {
			isa = PBXGroup;
			children = (
				57DD41B12A7A583D00E55571 /* MovieLookAroundViewController.swift */,
				57DD41C62A7A9F8200E55571 /* TableView */,
			);
			path = MovieLookAround;
			sourceTree = "<group>";
		};
		57DD41BF2A7A819C00E55571 /* UI */ = {
			isa = PBXGroup;
			children = (
				57DD41C02A7A81BD00E55571 /* DynamicHeightCollectionView.swift */,
			);
			path = UI;
			sourceTree = "<group>";
		};
		57DD41C22A7A9F3E00E55571 /* Cell */ = {
			isa = PBXGroup;
			children = (
				57DD41B32A7A5E2900E55571 /* RecentlySeenTableViewCell.swift */,
				57DD41B42A7A5E2900E55571 /* RecentlySeenTableViewCell.xib */,
				57DD41BB2A7A607F00E55571 /* ImageCollectionViewCell.swift */,
				57DD41BC2A7A607F00E55571 /* ImageCollectionViewCell.xib */,
				57DD41B72A7A5E6500E55571 /* PopularTheseDaysTableViewCell.swift */,
				57DD41B82A7A5E6500E55571 /* PopularTheseDaysTableViewCell.xib */,
			);
			path = Cell;
			sourceTree = "<group>";
		};
		57DD41C32A7A9F6400E55571 /* Section */ = {
			isa = PBXGroup;
			children = (
				57DD41C42A7A9F6D00E55571 /* MovieLookAroundTableViewSecionKind.swift */,
			);
			path = Section;
			sourceTree = "<group>";
		};
		57DD41C62A7A9F8200E55571 /* TableView */ = {
			isa = PBXGroup;
			children = (
				57DD41C32A7A9F6400E55571 /* Section */,
				57DD41C22A7A9F3E00E55571 /* Cell */,
			);
			path = TableView;
			sourceTree = "<group>";
		};
/* End PBXGroup section */

/* Begin PBXNativeTarget section */
		57019D782A77522C00E515BD /* SeSAC3Week3 */ = {
			isa = PBXNativeTarget;
			buildConfigurationList = 57019D8D2A77523100E515BD /* Build configuration list for PBXNativeTarget "SeSAC3Week3" */;
			buildPhases = (
				57019D752A77522C00E515BD /* Sources */,
				57019D762A77522C00E515BD /* Frameworks */,
				57019D772A77522C00E515BD /* Resources */,
			);
			buildRules = (
			);
			dependencies = (
			);
			name = SeSAC3Week3;
			packageProductDependencies = (
				57D371742A80804D001A5029 /* Alamofire */,
				57D371772A808087001A5029 /* SwiftyJSON */,
				57D371CB2A83EE4E001A5029 /* Kingfisher */,
				5776CF092AA622E80061D6FC /* Realm */,
				5776CF0B2AA622E80061D6FC /* RealmSwift */,
			);
			productName = SeSAC3Week3;
			productReference = 57019D792A77522C00E515BD /* SeSAC3Week3.app */;
			productType = "com.apple.product-type.application";
		};
/* End PBXNativeTarget section */

/* Begin PBXProject section */
		57019D712A77522C00E515BD /* Project object */ = {
			isa = PBXProject;
			attributes = {
				BuildIndependentTargetsInParallel = 1;
				LastSwiftUpdateCheck = 1420;
				LastUpgradeCheck = 1420;
				TargetAttributes = {
					57019D782A77522C00E515BD = {
						CreatedOnToolsVersion = 14.2;
					};
				};
			};
			buildConfigurationList = 57019D742A77522C00E515BD /* Build configuration list for PBXProject "SeSAC3Week3" */;
			compatibilityVersion = "Xcode 14.0";
			developmentRegion = en;
			hasScannedForEncodings = 0;
			knownRegions = (
				en,
				Base,
			);
			mainGroup = 57019D702A77522C00E515BD;
			packageReferences = (
				57D371732A80804D001A5029 /* XCRemoteSwiftPackageReference "Alamofire" */,
				57D371762A808087001A5029 /* XCRemoteSwiftPackageReference "SwiftyJSON" */,
				57D371CA2A83EE4E001A5029 /* XCRemoteSwiftPackageReference "Kingfisher" */,
				5776CF082AA622E80061D6FC /* XCRemoteSwiftPackageReference "realm-swift" */,
			);
			productRefGroup = 57019D7A2A77522C00E515BD /* Products */;
			projectDirPath = "";
			projectRoot = "";
			targets = (
				57019D782A77522C00E515BD /* SeSAC3Week3 */,
			);
		};
/* End PBXProject section */

/* Begin PBXResourcesBuildPhase section */
		57019D772A77522C00E515BD /* Resources */ = {
			isa = PBXResourcesBuildPhase;
			buildActionMask = 2147483647;
			files = (
				57D371D82A84FB6B001A5029 /* BookSearchTableViewCell.xib in Resources */,
				57C249532A77B5010032B779 /* BookWarm.storyboard in Resources */,
				57627D202A79F23500B37AF1 /* Timeline.storyboard in Resources */,
				57627D262A79F9E500B37AF1 /* TimelineCollectionViewCell.xib in Resources */,
				57019D962A7752AC00E515BD /* Diary.storyboard in Resources */,
				57C249562A789B110032B779 /* Setting.storyboard in Resources */,
				57E6EB7A2A7BCB6700A3DAA3 /* BookDetailInfoTableViewCell.xib in Resources */,
				57019D892A77523100E515BD /* LaunchScreen.storyboard in Resources */,
				57DD41B62A7A5E2900E55571 /* RecentlySeenTableViewCell.xib in Resources */,
				57D371BE2A8314EA001A5029 /* .gitignore in Resources */,
				57DD41BA2A7A5E6500E55571 /* PopularTheseDaysTableViewCell.xib in Resources */,
				57DD41BE2A7A607F00E55571 /* ImageCollectionViewCell.xib in Resources */,
				57019DA42A777AD000E515BD /* SearchCollectionViewCell.xib in Resources */,
				57D371D02A84073B001A5029 /* BookCollectionViewCell.xib in Resources */,
				57019D862A77523100E515BD /* Assets.xcassets in Resources */,
				57019D842A77522C00E515BD /* Main.storyboard in Resources */,
			);
			runOnlyForDeploymentPostprocessing = 0;
		};
/* End PBXResourcesBuildPhase section */

/* Begin PBXSourcesBuildPhase section */
		57019D752A77522C00E515BD /* Sources */ = {
			isa = PBXSourcesBuildPhase;
			buildActionMask = 2147483647;
			files = (
				57019D812A77522C00E515BD /* ViewController.swift in Sources */,
				57019DA92A7797A500E515BD /* BookHomeViewController.swift in Sources */,
				57D371D72A84FB6B001A5029 /* BookSearchTableViewCell.swift in Sources */,
				5756B5FA2AA5D726001A83D9 /* BookHomeRootView.swift in Sources */,
				57B3739E2A7B72BE00B78AC1 /* LottoViewController.swift in Sources */,
				57DD41C52A7A9F6D00E55571 /* MovieLookAroundTableViewSecionKind.swift in Sources */,
				57DD41C12A7A81BD00E55571 /* DynamicHeightCollectionView.swift in Sources */,
				57019D942A77526D00E515BD /* DiaryTableViewController.swift in Sources */,
				57019D9C2A77576D00E515BD /* AddViewController.swift in Sources */,
				57C2494B2A77A4850032B779 /* BookDetailTableViewController.swift in Sources */,
				57627D252A79F9E500B37AF1 /* TimelineCollectionViewCell.swift in Sources */,
				57D371C02A831527001A5029 /* APIKey.swift in Sources */,
				5756B5F42AA5D089001A83D9 /* BaseViewController.swift in Sources */,
				5776CF0F2AA6262F0061D6FC /* RMBook.swift in Sources */,
				57D371D22A84075F001A5029 /* Int+.swift in Sources */,
				57D371DA2A85063E001A5029 /* NSMutableAttributedString+.swift in Sources */,
				57C2494D2A77A4D80032B779 /* BookSearchViewController.swift in Sources */,
				57D371BC2A8284AC001A5029 /* Book.swift in Sources */,
				57627D222A79F28600B37AF1 /* TimelineViewController.swift in Sources */,
				57019D9E2A77623900E515BD /* Extension+UIViewController.swift in Sources */,
				57019DA32A777AD000E515BD /* SearchCollectionViewCell.swift in Sources */,
				57D3714F2A7E2619001A5029 /* BookDetailTableViewHeader.swift in Sources */,
				57019D982A7752EB00E515BD /* DetailViewController.swift in Sources */,
				57019D7D2A77522C00E515BD /* AppDelegate.swift in Sources */,
				57019D7F2A77522C00E515BD /* SceneDelegate.swift in Sources */,
				57C2494F2A77A60E0032B779 /* UIColor+.swift in Sources */,
				57C2496D2A7937150032B779 /* Movie.swift in Sources */,
				57DD41BD2A7A607F00E55571 /* ImageCollectionViewCell.swift in Sources */,
				57D371CF2A84073B001A5029 /* BookCollectionViewCell.swift in Sources */,
				57DD41B52A7A5E2900E55571 /* RecentlySeenTableViewCell.swift in Sources */,
				57019DA02A77795300E515BD /* SearchCollectionViewController.swift in Sources */,
				5756B5F22AA5CFDA001A83D9 /* ReuseableProtocol.swift in Sources */,
				57DD41B92A7A5E6500E55571 /* PopularTheseDaysTableViewCell.swift in Sources */,
				57C249582A789B650032B779 /* SettingTableViewController.swift in Sources */,
				57E6EB792A7BCB6700A3DAA3 /* BookDetailInfoTableViewCell.swift in Sources */,
				57019DAB2A779B4900E515BD /* MovieInfo.swift in Sources */,
				5756B5F82AA5D52B001A83D9 /* BookHomeCollectionView.swift in Sources */,
				57019D9A2A77538B00E515BD /* DiaryTableViewCell.swift in Sources */,
				57C249522A77A63B0032B779 /* MovieCollectionViewCell.swift in Sources */,
				57DD41B22A7A583D00E55571 /* MovieLookAroundViewController.swift in Sources */,
			);
			runOnlyForDeploymentPostprocessing = 0;
		};
/* End PBXSourcesBuildPhase section */

/* Begin PBXVariantGroup section */
		57019D822A77522C00E515BD /* Main.storyboard */ = {
			isa = PBXVariantGroup;
			children = (
				57019D832A77522C00E515BD /* Base */,
			);
			name = Main.storyboard;
			sourceTree = "<group>";
		};
		57019D872A77523100E515BD /* LaunchScreen.storyboard */ = {
			isa = PBXVariantGroup;
			children = (
				57019D882A77523100E515BD /* Base */,
			);
			name = LaunchScreen.storyboard;
			sourceTree = "<group>";
		};
/* End PBXVariantGroup section */

/* Begin XCBuildConfiguration section */
		57019D8B2A77523100E515BD /* Debug */ = {
			isa = XCBuildConfiguration;
			buildSettings = {
				ALWAYS_SEARCH_USER_PATHS = NO;
				CLANG_ANALYZER_NONNULL = YES;
				CLANG_ANALYZER_NUMBER_OBJECT_CONVERSION = YES_AGGRESSIVE;
				CLANG_CXX_LANGUAGE_STANDARD = "gnu++20";
				CLANG_ENABLE_MODULES = YES;
				CLANG_ENABLE_OBJC_ARC = YES;
				CLANG_ENABLE_OBJC_WEAK = YES;
				CLANG_WARN_BLOCK_CAPTURE_AUTORELEASING = YES;
				CLANG_WARN_BOOL_CONVERSION = YES;
				CLANG_WARN_COMMA = YES;
				CLANG_WARN_CONSTANT_CONVERSION = YES;
				CLANG_WARN_DEPRECATED_OBJC_IMPLEMENTATIONS = YES;
				CLANG_WARN_DIRECT_OBJC_ISA_USAGE = YES_ERROR;
				CLANG_WARN_DOCUMENTATION_COMMENTS = YES;
				CLANG_WARN_EMPTY_BODY = YES;
				CLANG_WARN_ENUM_CONVERSION = YES;
				CLANG_WARN_INFINITE_RECURSION = YES;
				CLANG_WARN_INT_CONVERSION = YES;
				CLANG_WARN_NON_LITERAL_NULL_CONVERSION = YES;
				CLANG_WARN_OBJC_IMPLICIT_RETAIN_SELF = YES;
				CLANG_WARN_OBJC_LITERAL_CONVERSION = YES;
				CLANG_WARN_OBJC_ROOT_CLASS = YES_ERROR;
				CLANG_WARN_QUOTED_INCLUDE_IN_FRAMEWORK_HEADER = YES;
				CLANG_WARN_RANGE_LOOP_ANALYSIS = YES;
				CLANG_WARN_STRICT_PROTOTYPES = YES;
				CLANG_WARN_SUSPICIOUS_MOVE = YES;
				CLANG_WARN_UNGUARDED_AVAILABILITY = YES_AGGRESSIVE;
				CLANG_WARN_UNREACHABLE_CODE = YES;
				CLANG_WARN__DUPLICATE_METHOD_MATCH = YES;
				COPY_PHASE_STRIP = NO;
				DEBUG_INFORMATION_FORMAT = dwarf;
				ENABLE_STRICT_OBJC_MSGSEND = YES;
				ENABLE_TESTABILITY = YES;
				GCC_C_LANGUAGE_STANDARD = gnu11;
				GCC_DYNAMIC_NO_PIC = NO;
				GCC_NO_COMMON_BLOCKS = YES;
				GCC_OPTIMIZATION_LEVEL = 0;
				GCC_PREPROCESSOR_DEFINITIONS = (
					"DEBUG=1",
					"$(inherited)",
				);
				GCC_WARN_64_TO_32_BIT_CONVERSION = YES;
				GCC_WARN_ABOUT_RETURN_TYPE = YES_ERROR;
				GCC_WARN_UNDECLARED_SELECTOR = YES;
				GCC_WARN_UNINITIALIZED_AUTOS = YES_AGGRESSIVE;
				GCC_WARN_UNUSED_FUNCTION = YES;
				GCC_WARN_UNUSED_VARIABLE = YES;
				IPHONEOS_DEPLOYMENT_TARGET = 16.2;
				MTL_ENABLE_DEBUG_INFO = INCLUDE_SOURCE;
				MTL_FAST_MATH = YES;
				ONLY_ACTIVE_ARCH = YES;
				SDKROOT = iphoneos;
				SWIFT_ACTIVE_COMPILATION_CONDITIONS = DEBUG;
				SWIFT_OPTIMIZATION_LEVEL = "-Onone";
			};
			name = Debug;
		};
		57019D8C2A77523100E515BD /* Release */ = {
			isa = XCBuildConfiguration;
			buildSettings = {
				ALWAYS_SEARCH_USER_PATHS = NO;
				CLANG_ANALYZER_NONNULL = YES;
				CLANG_ANALYZER_NUMBER_OBJECT_CONVERSION = YES_AGGRESSIVE;
				CLANG_CXX_LANGUAGE_STANDARD = "gnu++20";
				CLANG_ENABLE_MODULES = YES;
				CLANG_ENABLE_OBJC_ARC = YES;
				CLANG_ENABLE_OBJC_WEAK = YES;
				CLANG_WARN_BLOCK_CAPTURE_AUTORELEASING = YES;
				CLANG_WARN_BOOL_CONVERSION = YES;
				CLANG_WARN_COMMA = YES;
				CLANG_WARN_CONSTANT_CONVERSION = YES;
				CLANG_WARN_DEPRECATED_OBJC_IMPLEMENTATIONS = YES;
				CLANG_WARN_DIRECT_OBJC_ISA_USAGE = YES_ERROR;
				CLANG_WARN_DOCUMENTATION_COMMENTS = YES;
				CLANG_WARN_EMPTY_BODY = YES;
				CLANG_WARN_ENUM_CONVERSION = YES;
				CLANG_WARN_INFINITE_RECURSION = YES;
				CLANG_WARN_INT_CONVERSION = YES;
				CLANG_WARN_NON_LITERAL_NULL_CONVERSION = YES;
				CLANG_WARN_OBJC_IMPLICIT_RETAIN_SELF = YES;
				CLANG_WARN_OBJC_LITERAL_CONVERSION = YES;
				CLANG_WARN_OBJC_ROOT_CLASS = YES_ERROR;
				CLANG_WARN_QUOTED_INCLUDE_IN_FRAMEWORK_HEADER = YES;
				CLANG_WARN_RANGE_LOOP_ANALYSIS = YES;
				CLANG_WARN_STRICT_PROTOTYPES = YES;
				CLANG_WARN_SUSPICIOUS_MOVE = YES;
				CLANG_WARN_UNGUARDED_AVAILABILITY = YES_AGGRESSIVE;
				CLANG_WARN_UNREACHABLE_CODE = YES;
				CLANG_WARN__DUPLICATE_METHOD_MATCH = YES;
				COPY_PHASE_STRIP = NO;
				DEBUG_INFORMATION_FORMAT = "dwarf-with-dsym";
				ENABLE_NS_ASSERTIONS = NO;
				ENABLE_STRICT_OBJC_MSGSEND = YES;
				GCC_C_LANGUAGE_STANDARD = gnu11;
				GCC_NO_COMMON_BLOCKS = YES;
				GCC_WARN_64_TO_32_BIT_CONVERSION = YES;
				GCC_WARN_ABOUT_RETURN_TYPE = YES_ERROR;
				GCC_WARN_UNDECLARED_SELECTOR = YES;
				GCC_WARN_UNINITIALIZED_AUTOS = YES_AGGRESSIVE;
				GCC_WARN_UNUSED_FUNCTION = YES;
				GCC_WARN_UNUSED_VARIABLE = YES;
				IPHONEOS_DEPLOYMENT_TARGET = 16.2;
				MTL_ENABLE_DEBUG_INFO = NO;
				MTL_FAST_MATH = YES;
				SDKROOT = iphoneos;
				SWIFT_COMPILATION_MODE = wholemodule;
				SWIFT_OPTIMIZATION_LEVEL = "-O";
				VALIDATE_PRODUCT = YES;
			};
			name = Release;
		};
		57019D8E2A77523100E515BD /* Debug */ = {
			isa = XCBuildConfiguration;
			buildSettings = {
				ASSETCATALOG_COMPILER_APPICON_NAME = AppIcon;
				ASSETCATALOG_COMPILER_GLOBAL_ACCENT_COLOR_NAME = AccentColor;
				CODE_SIGN_STYLE = Automatic;
				CURRENT_PROJECT_VERSION = 1;
				DEVELOPMENT_TEAM = 86BUJA8T6M;
				GENERATE_INFOPLIST_FILE = YES;
				INFOPLIST_FILE = SeSAC3Week3/Info.plist;
				INFOPLIST_KEY_UIApplicationSupportsIndirectInputEvents = YES;
				INFOPLIST_KEY_UILaunchStoryboardName = LaunchScreen;
				INFOPLIST_KEY_UIMainStoryboardFile = Main;
				INFOPLIST_KEY_UISupportedInterfaceOrientations_iPad = "UIInterfaceOrientationPortrait UIInterfaceOrientationPortraitUpsideDown UIInterfaceOrientationLandscapeLeft UIInterfaceOrientationLandscapeRight";
				INFOPLIST_KEY_UISupportedInterfaceOrientations_iPhone = "UIInterfaceOrientationPortrait UIInterfaceOrientationLandscapeLeft UIInterfaceOrientationLandscapeRight";
				LD_RUNPATH_SEARCH_PATHS = (
					"$(inherited)",
					"@executable_path/Frameworks",
				);
				MARKETING_VERSION = 1.0;
				PRODUCT_BUNDLE_IDENTIFIER = com.prodvssw.98.SeSAC3Week3;
				PRODUCT_NAME = "$(TARGET_NAME)";
				SWIFT_EMIT_LOC_STRINGS = YES;
				SWIFT_VERSION = 5.0;
				TARGETED_DEVICE_FAMILY = "1,2";
			};
			name = Debug;
		};
		57019D8F2A77523100E515BD /* Release */ = {
			isa = XCBuildConfiguration;
			buildSettings = {
				ASSETCATALOG_COMPILER_APPICON_NAME = AppIcon;
				ASSETCATALOG_COMPILER_GLOBAL_ACCENT_COLOR_NAME = AccentColor;
				CODE_SIGN_STYLE = Automatic;
				CURRENT_PROJECT_VERSION = 1;
				DEVELOPMENT_TEAM = 86BUJA8T6M;
				GENERATE_INFOPLIST_FILE = YES;
				INFOPLIST_FILE = SeSAC3Week3/Info.plist;
				INFOPLIST_KEY_UIApplicationSupportsIndirectInputEvents = YES;
				INFOPLIST_KEY_UILaunchStoryboardName = LaunchScreen;
				INFOPLIST_KEY_UIMainStoryboardFile = Main;
				INFOPLIST_KEY_UISupportedInterfaceOrientations_iPad = "UIInterfaceOrientationPortrait UIInterfaceOrientationPortraitUpsideDown UIInterfaceOrientationLandscapeLeft UIInterfaceOrientationLandscapeRight";
				INFOPLIST_KEY_UISupportedInterfaceOrientations_iPhone = "UIInterfaceOrientationPortrait UIInterfaceOrientationLandscapeLeft UIInterfaceOrientationLandscapeRight";
				LD_RUNPATH_SEARCH_PATHS = (
					"$(inherited)",
					"@executable_path/Frameworks",
				);
				MARKETING_VERSION = 1.0;
				PRODUCT_BUNDLE_IDENTIFIER = com.prodvssw.98.SeSAC3Week3;
				PRODUCT_NAME = "$(TARGET_NAME)";
				SWIFT_EMIT_LOC_STRINGS = YES;
				SWIFT_VERSION = 5.0;
				TARGETED_DEVICE_FAMILY = "1,2";
			};
			name = Release;
		};
/* End XCBuildConfiguration section */

/* Begin XCConfigurationList section */
		57019D742A77522C00E515BD /* Build configuration list for PBXProject "SeSAC3Week3" */ = {
			isa = XCConfigurationList;
			buildConfigurations = (
				57019D8B2A77523100E515BD /* Debug */,
				57019D8C2A77523100E515BD /* Release */,
			);
			defaultConfigurationIsVisible = 0;
			defaultConfigurationName = Release;
		};
		57019D8D2A77523100E515BD /* Build configuration list for PBXNativeTarget "SeSAC3Week3" */ = {
			isa = XCConfigurationList;
			buildConfigurations = (
				57019D8E2A77523100E515BD /* Debug */,
				57019D8F2A77523100E515BD /* Release */,
			);
			defaultConfigurationIsVisible = 0;
			defaultConfigurationName = Release;
		};
/* End XCConfigurationList section */

/* Begin XCRemoteSwiftPackageReference section */
		5776CF082AA622E80061D6FC /* XCRemoteSwiftPackageReference "realm-swift" */ = {
			isa = XCRemoteSwiftPackageReference;
			repositoryURL = "https://github.com/realm/realm-swift.git";
			requirement = {
				kind = exactVersion;
				version = 10.42.1;
			};
		};
		57D371732A80804D001A5029 /* XCRemoteSwiftPackageReference "Alamofire" */ = {
			isa = XCRemoteSwiftPackageReference;
			repositoryURL = "https://github.com/Alamofire/Alamofire.git";
			requirement = {
				kind = upToNextMajorVersion;
				minimumVersion = 5.0.0;
			};
		};
		57D371762A808087001A5029 /* XCRemoteSwiftPackageReference "SwiftyJSON" */ = {
			isa = XCRemoteSwiftPackageReference;
			repositoryURL = "https://github.com/SwiftyJSON/SwiftyJSON.git";
			requirement = {
				kind = upToNextMajorVersion;
				minimumVersion = 5.0.0;
			};
		};
		57D371CA2A83EE4E001A5029 /* XCRemoteSwiftPackageReference "Kingfisher" */ = {
			isa = XCRemoteSwiftPackageReference;
			repositoryURL = "https://github.com/onevcat/Kingfisher.git";
			requirement = {
				kind = upToNextMajorVersion;
				minimumVersion = 7.0.0;
			};
		};
/* End XCRemoteSwiftPackageReference section */

/* Begin XCSwiftPackageProductDependency section */
		5776CF092AA622E80061D6FC /* Realm */ = {
			isa = XCSwiftPackageProductDependency;
			package = 5776CF082AA622E80061D6FC /* XCRemoteSwiftPackageReference "realm-swift" */;
			productName = Realm;
		};
		5776CF0B2AA622E80061D6FC /* RealmSwift */ = {
			isa = XCSwiftPackageProductDependency;
			package = 5776CF082AA622E80061D6FC /* XCRemoteSwiftPackageReference "realm-swift" */;
			productName = RealmSwift;
		};
		57D371742A80804D001A5029 /* Alamofire */ = {
			isa = XCSwiftPackageProductDependency;
			package = 57D371732A80804D001A5029 /* XCRemoteSwiftPackageReference "Alamofire" */;
			productName = Alamofire;
		};
		57D371772A808087001A5029 /* SwiftyJSON */ = {
			isa = XCSwiftPackageProductDependency;
			package = 57D371762A808087001A5029 /* XCRemoteSwiftPackageReference "SwiftyJSON" */;
			productName = SwiftyJSON;
		};
		57D371CB2A83EE4E001A5029 /* Kingfisher */ = {
			isa = XCSwiftPackageProductDependency;
			package = 57D371CA2A83EE4E001A5029 /* XCRemoteSwiftPackageReference "Kingfisher" */;
			productName = Kingfisher;
		};
/* End XCSwiftPackageProductDependency section */
	};
	rootObject = 57019D712A77522C00E515BD /* Project object */;
}
